
Microsoft Visual Studio Solution File, Format Version 12.00
# Visual Studio Version 17
VisualStudioVersion = 17.4.33213.308
MinimumVisualStudioVersion = 10.0.40219.1
Project("{888888A0-9F3D-457C-B088-3A5042F75D52}") = "Registreerimine", "Registreerimine\Registreerimine.pyproj", "{258874B7-6184-49D2-92DA-5F8EDA36CE14}"
EndProject
Global
	GlobalSection(SolutionConfigurationPlatforms) = preSolution
		Debug|Any CPU = Debug|Any CPU
		Release|Any CPU = Release|Any CPU
	EndGlobalSection
	GlobalSection(ProjectConfigurationPlatforms) = postSolution
		{258874B7-6184-49D2-92DA-5F8EDA36CE14}.Debug|Any CPU.ActiveCfg = Debug|Any CPU
		{258874B7-6184-49D2-92DA-5F8EDA36CE14}.Release|Any CPU.ActiveCfg = Release|Any CPU
	EndGlobalSection
	GlobalSection(SolutionProperties) = preSolution
		HideSolutionNode = FALSE
	EndGlobalSection
	GlobalSection(ExtensibilityGlobals) = postSolution
		SolutionGuid = {F9933FAD-74FE-4505-901C-C180042517B1}
	EndGlobalSection
EndGlobal
